
Microsoft Visual Studio Solution File, Format Version 12.00
# Visual Studio 2012
Project("{FAE04EC0-301F-11D3-BF4B-00C04F79EFBC}") = "UMPService03", "UMPService03\UMPService03.csproj", "{D4E8FE7C-485F-41FD-9A05-4C125A23655F}"
EndProject
Project("{FAE04EC0-301F-11D3-BF4B-00C04F79EFBC}") = "UMPService03Demo", "UMPService03Demo\UMPService03Demo.csproj", "{4AB40022-161D-420B-A755-A8DDF326EFF2}"
EndProject
Project("{FAE04EC0-301F-11D3-BF4B-00C04F79EFBC}") = "CommonService03", "CommonService03\CommonService03.csproj", "{9BD396AB-BC1D-49F3-A762-0E00E2F4AAE8}"
EndProject
Global
	GlobalSection(SolutionConfigurationPlatforms) = preSolution
		Debug|Any CPU = Debug|Any CPU
		Release|Any CPU = Release|Any CPU
	EndGlobalSection
	GlobalSection(ProjectConfigurationPlatforms) = postSolution
		{D4E8FE7C-485F-41FD-9A05-4C125A23655F}.Debug|Any CPU.ActiveCfg = Debug|Any CPU
		{D4E8FE7C-485F-41FD-9A05-4C125A23655F}.Debug|Any CPU.Build.0 = Debug|Any CPU
		{D4E8FE7C-485F-41FD-9A05-4C125A23655F}.Release|Any CPU.ActiveCfg = Release|Any CPU
		{D4E8FE7C-485F-41FD-9A05-4C125A23655F}.Release|Any CPU.Build.0 = Release|Any CPU
		{4AB40022-161D-420B-A755-A8DDF326EFF2}.Debug|Any CPU.ActiveCfg = Debug|Any CPU
		{4AB40022-161D-420B-A755-A8DDF326EFF2}.Debug|Any CPU.Build.0 = Debug|Any CPU
		{4AB40022-161D-420B-A755-A8DDF326EFF2}.Release|Any CPU.ActiveCfg = Release|Any CPU
		{4AB40022-161D-420B-A755-A8DDF326EFF2}.Release|Any CPU.Build.0 = Release|Any CPU
		{9BD396AB-BC1D-49F3-A762-0E00E2F4AAE8}.Debug|Any CPU.ActiveCfg = Debug|Any CPU
		{9BD396AB-BC1D-49F3-A762-0E00E2F4AAE8}.Debug|Any CPU.Build.0 = Debug|Any CPU
		{9BD396AB-BC1D-49F3-A762-0E00E2F4AAE8}.Release|Any CPU.ActiveCfg = Release|Any CPU
		{9BD396AB-BC1D-49F3-A762-0E00E2F4AAE8}.Release|Any CPU.Build.0 = Release|Any CPU
	EndGlobalSection
	GlobalSection(SolutionProperties) = preSolution
		HideSolutionNode = FALSE
	EndGlobalSection
EndGlobal
