
Microsoft Visual Studio Solution File, Format Version 12.00
# Visual Studio 2012
Project("{FAE04EC0-301F-11D3-BF4B-00C04F79EFBC}") = "UMPS5100", "UMPS5100\UMPS5100.csproj", "{43E9164E-12D5-4C7B-B905-EB79C35E97BE}"
EndProject
Project("{FAE04EC0-301F-11D3-BF4B-00C04F79EFBC}") = "Common5100", "Common5100\Common5100.csproj", "{11CADF62-7854-4990-94E9-2A0FE904B504}"
EndProject
Project("{FAE04EC0-301F-11D3-BF4B-00C04F79EFBC}") = "Wcf51001", "Wcf51001\Wcf51001.csproj", "{5A6F501A-E5FA-4EBE-8CB7-8FB8DBE98D3E}"
EndProject
Global
	GlobalSection(SolutionConfigurationPlatforms) = preSolution
		Debug|Any CPU = Debug|Any CPU
		Release|Any CPU = Release|Any CPU
	EndGlobalSection
	GlobalSection(ProjectConfigurationPlatforms) = postSolution
		{43E9164E-12D5-4C7B-B905-EB79C35E97BE}.Debug|Any CPU.ActiveCfg = Debug|Any CPU
		{43E9164E-12D5-4C7B-B905-EB79C35E97BE}.Debug|Any CPU.Build.0 = Debug|Any CPU
		{43E9164E-12D5-4C7B-B905-EB79C35E97BE}.Release|Any CPU.ActiveCfg = Release|Any CPU
		{43E9164E-12D5-4C7B-B905-EB79C35E97BE}.Release|Any CPU.Build.0 = Release|Any CPU
		{11CADF62-7854-4990-94E9-2A0FE904B504}.Debug|Any CPU.ActiveCfg = Debug|Any CPU
		{11CADF62-7854-4990-94E9-2A0FE904B504}.Debug|Any CPU.Build.0 = Debug|Any CPU
		{11CADF62-7854-4990-94E9-2A0FE904B504}.Release|Any CPU.ActiveCfg = Release|Any CPU
		{11CADF62-7854-4990-94E9-2A0FE904B504}.Release|Any CPU.Build.0 = Release|Any CPU
		{5A6F501A-E5FA-4EBE-8CB7-8FB8DBE98D3E}.Debug|Any CPU.ActiveCfg = Debug|Any CPU
		{5A6F501A-E5FA-4EBE-8CB7-8FB8DBE98D3E}.Debug|Any CPU.Build.0 = Debug|Any CPU
		{5A6F501A-E5FA-4EBE-8CB7-8FB8DBE98D3E}.Release|Any CPU.ActiveCfg = Release|Any CPU
		{5A6F501A-E5FA-4EBE-8CB7-8FB8DBE98D3E}.Release|Any CPU.Build.0 = Release|Any CPU
	EndGlobalSection
	GlobalSection(SolutionProperties) = preSolution
		HideSolutionNode = FALSE
	EndGlobalSection
EndGlobal
