
Microsoft Visual Studio Solution File, Format Version 12.00
# Visual Studio 2012
Project("{FAE04EC0-301F-11D3-BF4B-00C04F79EFBC}") = "PFShareClasses01", "PFShareClasses01\PFShareClasses01\PFShareClasses01.csproj", "{C23EABDE-976C-4434-9307-20078A139F4D}"
EndProject
Project("{FAE04EC0-301F-11D3-BF4B-00C04F79EFBC}") = "PFShareClassesC", "PFShareClassesC\PFShareClassesC\PFShareClassesC.csproj", "{E71EBD0A-E3FD-4E24-84D2-C1BDBCAD2562}"
EndProject
Project("{FAE04EC0-301F-11D3-BF4B-00C04F79EFBC}") = "PFShareClassesS", "PFShareClassesS\PFShareClassesS\PFShareClassesS.csproj", "{2F87E150-D52C-4700-9A00-ABF8F6C591A1}"
EndProject
Project("{FAE04EC0-301F-11D3-BF4B-00C04F79EFBC}") = "EncryptionDecryptionDemo", "EncryptionDecryptionDemo\EncryptionDecryptionDemo.csproj", "{D9CB0B67-A069-4196-B652-2625E205E6B5}"
EndProject
Global
	GlobalSection(SolutionConfigurationPlatforms) = preSolution
		Debug|Any CPU = Debug|Any CPU
		Release|Any CPU = Release|Any CPU
	EndGlobalSection
	GlobalSection(ProjectConfigurationPlatforms) = postSolution
		{C23EABDE-976C-4434-9307-20078A139F4D}.Debug|Any CPU.ActiveCfg = Debug|Any CPU
		{C23EABDE-976C-4434-9307-20078A139F4D}.Debug|Any CPU.Build.0 = Debug|Any CPU
		{C23EABDE-976C-4434-9307-20078A139F4D}.Release|Any CPU.ActiveCfg = Release|Any CPU
		{C23EABDE-976C-4434-9307-20078A139F4D}.Release|Any CPU.Build.0 = Release|Any CPU
		{E71EBD0A-E3FD-4E24-84D2-C1BDBCAD2562}.Debug|Any CPU.ActiveCfg = Debug|Any CPU
		{E71EBD0A-E3FD-4E24-84D2-C1BDBCAD2562}.Debug|Any CPU.Build.0 = Debug|Any CPU
		{E71EBD0A-E3FD-4E24-84D2-C1BDBCAD2562}.Release|Any CPU.ActiveCfg = Release|Any CPU
		{E71EBD0A-E3FD-4E24-84D2-C1BDBCAD2562}.Release|Any CPU.Build.0 = Release|Any CPU
		{2F87E150-D52C-4700-9A00-ABF8F6C591A1}.Debug|Any CPU.ActiveCfg = Debug|Any CPU
		{2F87E150-D52C-4700-9A00-ABF8F6C591A1}.Debug|Any CPU.Build.0 = Debug|Any CPU
		{2F87E150-D52C-4700-9A00-ABF8F6C591A1}.Release|Any CPU.ActiveCfg = Release|Any CPU
		{2F87E150-D52C-4700-9A00-ABF8F6C591A1}.Release|Any CPU.Build.0 = Release|Any CPU
		{D9CB0B67-A069-4196-B652-2625E205E6B5}.Debug|Any CPU.ActiveCfg = Debug|Any CPU
		{D9CB0B67-A069-4196-B652-2625E205E6B5}.Debug|Any CPU.Build.0 = Debug|Any CPU
		{D9CB0B67-A069-4196-B652-2625E205E6B5}.Release|Any CPU.ActiveCfg = Release|Any CPU
		{D9CB0B67-A069-4196-B652-2625E205E6B5}.Release|Any CPU.Build.0 = Release|Any CPU
	EndGlobalSection
	GlobalSection(SolutionProperties) = preSolution
		HideSolutionNode = FALSE
	EndGlobalSection
EndGlobal
