
Microsoft Visual Studio Solution File, Format Version 12.00
# Visual Studio 2012
Project("{FAE04EC0-301F-11D3-BF4B-00C04F79EFBC}") = "UMPS5101", "UMPS5101\UMPS5101.csproj", "{27AEF0D8-788C-4D83-BB1C-170F038C1CA8}"
	ProjectSection(ProjectDependencies) = postProject
		{8E83BF10-B250-4CBF-84FA-BB361A7F6690} = {8E83BF10-B250-4CBF-84FA-BB361A7F6690}
	EndProjectSection
EndProject
Project("{FAE04EC0-301F-11D3-BF4B-00C04F79EFBC}") = "Common5101", "Common5101\Common5101.csproj", "{D219C3C2-AF85-4AF8-B78B-48B2195CE753}"
EndProject
Project("{FAE04EC0-301F-11D3-BF4B-00C04F79EFBC}") = "Wcf51011", "Wcf51011\Wcf51011.csproj", "{8E83BF10-B250-4CBF-84FA-BB361A7F6690}"
EndProject
Global
	GlobalSection(SolutionConfigurationPlatforms) = preSolution
		Debug|Any CPU = Debug|Any CPU
		Release|Any CPU = Release|Any CPU
	EndGlobalSection
	GlobalSection(ProjectConfigurationPlatforms) = postSolution
		{27AEF0D8-788C-4D83-BB1C-170F038C1CA8}.Debug|Any CPU.ActiveCfg = Debug|Any CPU
		{27AEF0D8-788C-4D83-BB1C-170F038C1CA8}.Debug|Any CPU.Build.0 = Debug|Any CPU
		{27AEF0D8-788C-4D83-BB1C-170F038C1CA8}.Release|Any CPU.ActiveCfg = Release|Any CPU
		{27AEF0D8-788C-4D83-BB1C-170F038C1CA8}.Release|Any CPU.Build.0 = Release|Any CPU
		{D219C3C2-AF85-4AF8-B78B-48B2195CE753}.Debug|Any CPU.ActiveCfg = Debug|Any CPU
		{D219C3C2-AF85-4AF8-B78B-48B2195CE753}.Debug|Any CPU.Build.0 = Debug|Any CPU
		{D219C3C2-AF85-4AF8-B78B-48B2195CE753}.Release|Any CPU.ActiveCfg = Release|Any CPU
		{D219C3C2-AF85-4AF8-B78B-48B2195CE753}.Release|Any CPU.Build.0 = Release|Any CPU
		{8E83BF10-B250-4CBF-84FA-BB361A7F6690}.Debug|Any CPU.ActiveCfg = Debug|Any CPU
		{8E83BF10-B250-4CBF-84FA-BB361A7F6690}.Debug|Any CPU.Build.0 = Debug|Any CPU
		{8E83BF10-B250-4CBF-84FA-BB361A7F6690}.Release|Any CPU.ActiveCfg = Release|Any CPU
		{8E83BF10-B250-4CBF-84FA-BB361A7F6690}.Release|Any CPU.Build.0 = Release|Any CPU
	EndGlobalSection
	GlobalSection(SolutionProperties) = preSolution
		HideSolutionNode = FALSE
	EndGlobalSection
EndGlobal
