
Microsoft Visual Studio Solution File, Format Version 12.00
# Visual Studio 2012
Project("{FAE04EC0-301F-11D3-BF4B-00C04F79EFBC}") = "UMPS1100", "UMPS1100\UMPS1100.csproj", "{19522B19-B398-4C65-864D-0899CDA2E249}"
EndProject
Global
	GlobalSection(SolutionConfigurationPlatforms) = preSolution
		Debug|Any CPU = Debug|Any CPU
		Release|Any CPU = Release|Any CPU
	EndGlobalSection
	GlobalSection(ProjectConfigurationPlatforms) = postSolution
		{19522B19-B398-4C65-864D-0899CDA2E249}.Debug|Any CPU.ActiveCfg = Debug|Any CPU
		{19522B19-B398-4C65-864D-0899CDA2E249}.Debug|Any CPU.Build.0 = Debug|Any CPU
		{19522B19-B398-4C65-864D-0899CDA2E249}.Release|Any CPU.ActiveCfg = Release|Any CPU
		{19522B19-B398-4C65-864D-0899CDA2E249}.Release|Any CPU.Build.0 = Release|Any CPU
	EndGlobalSection
	GlobalSection(SolutionProperties) = preSolution
		HideSolutionNode = FALSE
	EndGlobalSection
EndGlobal
