
Microsoft Visual Studio Solution File, Format Version 12.00
# Visual Studio 2012
Project("{FAE04EC0-301F-11D3-BF4B-00C04F79EFBC}") = "UMPS9800", "UMPS9800\UMPS9800.csproj", "{7CE55D19-1D3C-429B-A877-FD19426523BB}"
EndProject
Project("{FAE04EC0-301F-11D3-BF4B-00C04F79EFBC}") = "Common98001", "Common98001\Common98001.csproj", "{1687F7F1-080D-4FB7-B288-481B7603C922}"
EndProject
Project("{FAE04EC0-301F-11D3-BF4B-00C04F79EFBC}") = "Wcf98001", "Wcf98001\Wcf98001.csproj", "{2DA0FDDB-A0A2-4D9D-AD7B-62C7D0170BB8}"
EndProject
Global
	GlobalSection(SolutionConfigurationPlatforms) = preSolution
		Debug|Any CPU = Debug|Any CPU
		Release|Any CPU = Release|Any CPU
	EndGlobalSection
	GlobalSection(ProjectConfigurationPlatforms) = postSolution
		{7CE55D19-1D3C-429B-A877-FD19426523BB}.Debug|Any CPU.ActiveCfg = Debug|Any CPU
		{7CE55D19-1D3C-429B-A877-FD19426523BB}.Debug|Any CPU.Build.0 = Debug|Any CPU
		{7CE55D19-1D3C-429B-A877-FD19426523BB}.Release|Any CPU.ActiveCfg = Release|Any CPU
		{7CE55D19-1D3C-429B-A877-FD19426523BB}.Release|Any CPU.Build.0 = Release|Any CPU
		{1687F7F1-080D-4FB7-B288-481B7603C922}.Debug|Any CPU.ActiveCfg = Debug|Any CPU
		{1687F7F1-080D-4FB7-B288-481B7603C922}.Debug|Any CPU.Build.0 = Debug|Any CPU
		{1687F7F1-080D-4FB7-B288-481B7603C922}.Release|Any CPU.ActiveCfg = Release|Any CPU
		{1687F7F1-080D-4FB7-B288-481B7603C922}.Release|Any CPU.Build.0 = Release|Any CPU
		{2DA0FDDB-A0A2-4D9D-AD7B-62C7D0170BB8}.Debug|Any CPU.ActiveCfg = Debug|Any CPU
		{2DA0FDDB-A0A2-4D9D-AD7B-62C7D0170BB8}.Debug|Any CPU.Build.0 = Debug|Any CPU
		{2DA0FDDB-A0A2-4D9D-AD7B-62C7D0170BB8}.Release|Any CPU.ActiveCfg = Release|Any CPU
		{2DA0FDDB-A0A2-4D9D-AD7B-62C7D0170BB8}.Release|Any CPU.Build.0 = Release|Any CPU
	EndGlobalSection
	GlobalSection(SolutionProperties) = preSolution
		HideSolutionNode = FALSE
	EndGlobalSection
EndGlobal
