
Microsoft Visual Studio Solution File, Format Version 12.00
# Visual Studio 2013
VisualStudioVersion = 12.0.40629.0
MinimumVisualStudioVersion = 10.0.40219.1
Project("{FAE04EC0-301F-11D3-BF4B-00C04F79EFBC}") = "UMPS4601", "UMPS4601\UMPS4601.csproj", "{016BBFCB-51C3-47FE-95BD-F5A02586F3D0}"
	ProjectSection(ProjectDependencies) = postProject
		{1B456A46-B47E-4433-A07B-099F8725195A} = {1B456A46-B47E-4433-A07B-099F8725195A}
		{AAC6CA56-C993-43AD-BDF5-77F1361C4EFB} = {AAC6CA56-C993-43AD-BDF5-77F1361C4EFB}
	EndProjectSection
EndProject
Project("{FAE04EC0-301F-11D3-BF4B-00C04F79EFBC}") = "Common4601", "Common4601\Common4601.csproj", "{365C6EC5-83E7-4AAF-A176-AD5F6219C014}"
EndProject
Project("{FAE04EC0-301F-11D3-BF4B-00C04F79EFBC}") = "Wcf46011", "Wcf46011\Wcf46011.csproj", "{1B456A46-B47E-4433-A07B-099F8725195A}"
EndProject
Project("{FAE04EC0-301F-11D3-BF4B-00C04F79EFBC}") = "Common4602", "Common4602\Common4602.csproj", "{AEDF7745-4CB0-4976-BEFC-C3F8F16451FC}"
EndProject
Project("{FAE04EC0-301F-11D3-BF4B-00C04F79EFBC}") = "Wcf46012", "Wcf46012\Wcf46012.csproj", "{AAC6CA56-C993-43AD-BDF5-77F1361C4EFB}"
EndProject
Global
	GlobalSection(SolutionConfigurationPlatforms) = preSolution
		Debug|Any CPU = Debug|Any CPU
		Release|Any CPU = Release|Any CPU
	EndGlobalSection
	GlobalSection(ProjectConfigurationPlatforms) = postSolution
		{016BBFCB-51C3-47FE-95BD-F5A02586F3D0}.Debug|Any CPU.ActiveCfg = Debug|Any CPU
		{016BBFCB-51C3-47FE-95BD-F5A02586F3D0}.Debug|Any CPU.Build.0 = Debug|Any CPU
		{016BBFCB-51C3-47FE-95BD-F5A02586F3D0}.Release|Any CPU.ActiveCfg = Release|Any CPU
		{016BBFCB-51C3-47FE-95BD-F5A02586F3D0}.Release|Any CPU.Build.0 = Release|Any CPU
		{365C6EC5-83E7-4AAF-A176-AD5F6219C014}.Debug|Any CPU.ActiveCfg = Debug|Any CPU
		{365C6EC5-83E7-4AAF-A176-AD5F6219C014}.Debug|Any CPU.Build.0 = Debug|Any CPU
		{365C6EC5-83E7-4AAF-A176-AD5F6219C014}.Release|Any CPU.ActiveCfg = Release|Any CPU
		{365C6EC5-83E7-4AAF-A176-AD5F6219C014}.Release|Any CPU.Build.0 = Release|Any CPU
		{1B456A46-B47E-4433-A07B-099F8725195A}.Debug|Any CPU.ActiveCfg = Debug|Any CPU
		{1B456A46-B47E-4433-A07B-099F8725195A}.Debug|Any CPU.Build.0 = Debug|Any CPU
		{1B456A46-B47E-4433-A07B-099F8725195A}.Release|Any CPU.ActiveCfg = Release|Any CPU
		{1B456A46-B47E-4433-A07B-099F8725195A}.Release|Any CPU.Build.0 = Release|Any CPU
		{AEDF7745-4CB0-4976-BEFC-C3F8F16451FC}.Debug|Any CPU.ActiveCfg = Debug|Any CPU
		{AEDF7745-4CB0-4976-BEFC-C3F8F16451FC}.Debug|Any CPU.Build.0 = Debug|Any CPU
		{AEDF7745-4CB0-4976-BEFC-C3F8F16451FC}.Release|Any CPU.ActiveCfg = Release|Any CPU
		{AEDF7745-4CB0-4976-BEFC-C3F8F16451FC}.Release|Any CPU.Build.0 = Release|Any CPU
		{AAC6CA56-C993-43AD-BDF5-77F1361C4EFB}.Debug|Any CPU.ActiveCfg = Debug|Any CPU
		{AAC6CA56-C993-43AD-BDF5-77F1361C4EFB}.Debug|Any CPU.Build.0 = Debug|Any CPU
		{AAC6CA56-C993-43AD-BDF5-77F1361C4EFB}.Release|Any CPU.ActiveCfg = Release|Any CPU
		{AAC6CA56-C993-43AD-BDF5-77F1361C4EFB}.Release|Any CPU.Build.0 = Release|Any CPU
	EndGlobalSection
	GlobalSection(SolutionProperties) = preSolution
		HideSolutionNode = FALSE
	EndGlobalSection
EndGlobal
