
Microsoft Visual Studio Solution File, Format Version 12.00
# Visual Studio 2013
VisualStudioVersion = 12.0.40629.0
MinimumVisualStudioVersion = 10.0.40219.1
Project("{FAE04EC0-301F-11D3-BF4B-00C04F79EFBC}") = "UMPCommon", "UMPCommon\UMPCommon.csproj", "{2532A68B-F6BB-441E-9284-5EA9720EC86B}"
EndProject
Project("{FAE04EC0-301F-11D3-BF4B-00C04F79EFBC}") = "UMPDemo", "UMPDemo\UMPDemo.csproj", "{4A8D62A1-6D9C-4F98-8CE2-D94ADDE60EAB}"
EndProject
Project("{FAE04EC0-301F-11D3-BF4B-00C04F79EFBC}") = "UMPControls", "UMPControls\UMPControls.csproj", "{5D7E195F-3434-4D20-8612-D05A2D94B177}"
EndProject
Project("{FAE04EC0-301F-11D3-BF4B-00C04F79EFBC}") = "UMPCommunications", "UMPCommunications\UMPCommunications.csproj", "{AEE09FAB-0B8E-489A-944C-9D8AF4F98B22}"
EndProject
Project("{FAE04EC0-301F-11D3-BF4B-00C04F79EFBC}") = "UMPMain", "UMPMain\UMPMain.csproj", "{8D5ED118-CC55-43B0-91AB-29C844EB8AB1}"
EndProject
Project("{FAE04EC0-301F-11D3-BF4B-00C04F79EFBC}") = "UMPTools", "UMPTools\UMPTools.csproj", "{CD2D2505-93B9-435D-85FA-C6A8A78EDB57}"
EndProject
Project("{FAE04EC0-301F-11D3-BF4B-00C04F79EFBC}") = "UMPPlayers", "UMPPlayers\UMPPlayers.csproj", "{8B93329F-AD62-4D1F-A283-7836A9DE6B2F}"
EndProject
Global
	GlobalSection(SolutionConfigurationPlatforms) = preSolution
		Debug|Any CPU = Debug|Any CPU
		Release|Any CPU = Release|Any CPU
	EndGlobalSection
	GlobalSection(ProjectConfigurationPlatforms) = postSolution
		{2532A68B-F6BB-441E-9284-5EA9720EC86B}.Debug|Any CPU.ActiveCfg = Debug|Any CPU
		{2532A68B-F6BB-441E-9284-5EA9720EC86B}.Debug|Any CPU.Build.0 = Debug|Any CPU
		{2532A68B-F6BB-441E-9284-5EA9720EC86B}.Release|Any CPU.ActiveCfg = Release|Any CPU
		{2532A68B-F6BB-441E-9284-5EA9720EC86B}.Release|Any CPU.Build.0 = Release|Any CPU
		{4A8D62A1-6D9C-4F98-8CE2-D94ADDE60EAB}.Debug|Any CPU.ActiveCfg = Debug|Any CPU
		{4A8D62A1-6D9C-4F98-8CE2-D94ADDE60EAB}.Debug|Any CPU.Build.0 = Debug|Any CPU
		{4A8D62A1-6D9C-4F98-8CE2-D94ADDE60EAB}.Release|Any CPU.ActiveCfg = Release|Any CPU
		{4A8D62A1-6D9C-4F98-8CE2-D94ADDE60EAB}.Release|Any CPU.Build.0 = Release|Any CPU
		{5D7E195F-3434-4D20-8612-D05A2D94B177}.Debug|Any CPU.ActiveCfg = Debug|Any CPU
		{5D7E195F-3434-4D20-8612-D05A2D94B177}.Debug|Any CPU.Build.0 = Debug|Any CPU
		{5D7E195F-3434-4D20-8612-D05A2D94B177}.Release|Any CPU.ActiveCfg = Release|Any CPU
		{5D7E195F-3434-4D20-8612-D05A2D94B177}.Release|Any CPU.Build.0 = Release|Any CPU
		{AEE09FAB-0B8E-489A-944C-9D8AF4F98B22}.Debug|Any CPU.ActiveCfg = Debug|Any CPU
		{AEE09FAB-0B8E-489A-944C-9D8AF4F98B22}.Debug|Any CPU.Build.0 = Debug|Any CPU
		{AEE09FAB-0B8E-489A-944C-9D8AF4F98B22}.Release|Any CPU.ActiveCfg = Release|Any CPU
		{AEE09FAB-0B8E-489A-944C-9D8AF4F98B22}.Release|Any CPU.Build.0 = Release|Any CPU
		{8D5ED118-CC55-43B0-91AB-29C844EB8AB1}.Debug|Any CPU.ActiveCfg = Debug|Any CPU
		{8D5ED118-CC55-43B0-91AB-29C844EB8AB1}.Debug|Any CPU.Build.0 = Debug|Any CPU
		{8D5ED118-CC55-43B0-91AB-29C844EB8AB1}.Release|Any CPU.ActiveCfg = Release|Any CPU
		{8D5ED118-CC55-43B0-91AB-29C844EB8AB1}.Release|Any CPU.Build.0 = Release|Any CPU
		{CD2D2505-93B9-435D-85FA-C6A8A78EDB57}.Debug|Any CPU.ActiveCfg = Debug|Any CPU
		{CD2D2505-93B9-435D-85FA-C6A8A78EDB57}.Debug|Any CPU.Build.0 = Debug|Any CPU
		{CD2D2505-93B9-435D-85FA-C6A8A78EDB57}.Release|Any CPU.ActiveCfg = Release|Any CPU
		{CD2D2505-93B9-435D-85FA-C6A8A78EDB57}.Release|Any CPU.Build.0 = Release|Any CPU
		{8B93329F-AD62-4D1F-A283-7836A9DE6B2F}.Debug|Any CPU.ActiveCfg = Debug|Any CPU
		{8B93329F-AD62-4D1F-A283-7836A9DE6B2F}.Debug|Any CPU.Build.0 = Debug|Any CPU
		{8B93329F-AD62-4D1F-A283-7836A9DE6B2F}.Release|Any CPU.ActiveCfg = Release|Any CPU
		{8B93329F-AD62-4D1F-A283-7836A9DE6B2F}.Release|Any CPU.Build.0 = Release|Any CPU
	EndGlobalSection
	GlobalSection(SolutionProperties) = preSolution
		HideSolutionNode = FALSE
	EndGlobalSection
EndGlobal
