
Microsoft Visual Studio Solution File, Format Version 12.00
# Visual Studio 2012
Project("{FAE04EC0-301F-11D3-BF4B-00C04F79EFBC}") = "UMPS3604", "UMPS3604\UMPS3604.csproj", "{1D18A30E-3E1E-4AA3-A958-AFF3492B0C51}"
	ProjectSection(ProjectDependencies) = postProject
		{61B8980C-A1A2-4930-A310-701FD48EAF45} = {61B8980C-A1A2-4930-A310-701FD48EAF45}
	EndProjectSection
EndProject
Project("{FAE04EC0-301F-11D3-BF4B-00C04F79EFBC}") = "Wcf36041", "Wcf36041\Wcf36041.csproj", "{61B8980C-A1A2-4930-A310-701FD48EAF45}"
EndProject
Project("{FAE04EC0-301F-11D3-BF4B-00C04F79EFBC}") = "Common3604", "Common3604\Common3604.csproj", "{3DD1B918-E11D-4AAA-96E2-81F1A031A67E}"
EndProject
Global
	GlobalSection(SolutionConfigurationPlatforms) = preSolution
		Debug|Any CPU = Debug|Any CPU
		Release|Any CPU = Release|Any CPU
	EndGlobalSection
	GlobalSection(ProjectConfigurationPlatforms) = postSolution
		{1D18A30E-3E1E-4AA3-A958-AFF3492B0C51}.Debug|Any CPU.ActiveCfg = Debug|Any CPU
		{1D18A30E-3E1E-4AA3-A958-AFF3492B0C51}.Debug|Any CPU.Build.0 = Debug|Any CPU
		{1D18A30E-3E1E-4AA3-A958-AFF3492B0C51}.Release|Any CPU.ActiveCfg = Release|Any CPU
		{1D18A30E-3E1E-4AA3-A958-AFF3492B0C51}.Release|Any CPU.Build.0 = Release|Any CPU
		{61B8980C-A1A2-4930-A310-701FD48EAF45}.Debug|Any CPU.ActiveCfg = Debug|Any CPU
		{61B8980C-A1A2-4930-A310-701FD48EAF45}.Debug|Any CPU.Build.0 = Debug|Any CPU
		{61B8980C-A1A2-4930-A310-701FD48EAF45}.Release|Any CPU.ActiveCfg = Release|Any CPU
		{61B8980C-A1A2-4930-A310-701FD48EAF45}.Release|Any CPU.Build.0 = Release|Any CPU
		{3DD1B918-E11D-4AAA-96E2-81F1A031A67E}.Debug|Any CPU.ActiveCfg = Debug|Any CPU
		{3DD1B918-E11D-4AAA-96E2-81F1A031A67E}.Debug|Any CPU.Build.0 = Debug|Any CPU
		{3DD1B918-E11D-4AAA-96E2-81F1A031A67E}.Release|Any CPU.ActiveCfg = Release|Any CPU
		{3DD1B918-E11D-4AAA-96E2-81F1A031A67E}.Release|Any CPU.Build.0 = Release|Any CPU
	EndGlobalSection
	GlobalSection(SolutionProperties) = preSolution
		HideSolutionNode = FALSE
	EndGlobalSection
EndGlobal
