
Microsoft Visual Studio Solution File, Format Version 12.00
# Visual Studio 2013
VisualStudioVersion = 12.0.40629.0
MinimumVisualStudioVersion = 10.0.40219.1
Project("{FAE04EC0-301F-11D3-BF4B-00C04F79EFBC}") = "UMPService10", "UMPService10\UMPService10.csproj", "{59371B3A-DEC5-4095-B906-ACED96E87815}"
EndProject
Project("{FAE04EC0-301F-11D3-BF4B-00C04F79EFBC}") = "CommonService10", "CommonService10\CommonService10.csproj", "{AC5B119D-360A-49F5-9305-4BA634016F6B}"
EndProject
Project("{FAE04EC0-301F-11D3-BF4B-00C04F79EFBC}") = "UMPService10Demo", "UMPService10Demo\UMPService10Demo.csproj", "{D805F458-80F3-4CC3-94AF-4738D90A5DB1}"
EndProject
Global
	GlobalSection(SolutionConfigurationPlatforms) = preSolution
		Debug|Any CPU = Debug|Any CPU
		Release|Any CPU = Release|Any CPU
	EndGlobalSection
	GlobalSection(ProjectConfigurationPlatforms) = postSolution
		{59371B3A-DEC5-4095-B906-ACED96E87815}.Debug|Any CPU.ActiveCfg = Debug|Any CPU
		{59371B3A-DEC5-4095-B906-ACED96E87815}.Debug|Any CPU.Build.0 = Debug|Any CPU
		{59371B3A-DEC5-4095-B906-ACED96E87815}.Release|Any CPU.ActiveCfg = Release|Any CPU
		{59371B3A-DEC5-4095-B906-ACED96E87815}.Release|Any CPU.Build.0 = Release|Any CPU
		{AC5B119D-360A-49F5-9305-4BA634016F6B}.Debug|Any CPU.ActiveCfg = Debug|Any CPU
		{AC5B119D-360A-49F5-9305-4BA634016F6B}.Debug|Any CPU.Build.0 = Debug|Any CPU
		{AC5B119D-360A-49F5-9305-4BA634016F6B}.Release|Any CPU.ActiveCfg = Release|Any CPU
		{AC5B119D-360A-49F5-9305-4BA634016F6B}.Release|Any CPU.Build.0 = Release|Any CPU
		{D805F458-80F3-4CC3-94AF-4738D90A5DB1}.Debug|Any CPU.ActiveCfg = Debug|Any CPU
		{D805F458-80F3-4CC3-94AF-4738D90A5DB1}.Debug|Any CPU.Build.0 = Debug|Any CPU
		{D805F458-80F3-4CC3-94AF-4738D90A5DB1}.Release|Any CPU.ActiveCfg = Release|Any CPU
		{D805F458-80F3-4CC3-94AF-4738D90A5DB1}.Release|Any CPU.Build.0 = Release|Any CPU
	EndGlobalSection
	GlobalSection(SolutionProperties) = preSolution
		HideSolutionNode = FALSE
	EndGlobalSection
EndGlobal
