
Microsoft Visual Studio Solution File, Format Version 12.00
# Visual Studio 2012
Project("{FAE04EC0-301F-11D3-BF4B-00C04F79EFBC}") = "VCCommon", "VCCommon\VCCommon.csproj", "{C4495D12-6509-439E-B6D0-564D3D17F882}"
EndProject
Project("{FAE04EC0-301F-11D3-BF4B-00C04F79EFBC}") = "VCCommonDemo", "VCCommonDemo\VCCommonDemo.csproj", "{594BF3E0-BA2C-4649-B19A-DAC323FE1F48}"
EndProject
Project("{2150E333-8FDC-42A3-9474-1A3956D46DE8}") = "Solution Items", "Solution Items", "{A2C7C0BB-BFF7-4E47-B750-F13CF92CF5CB}"
	ProjectSection(SolutionItems) = preProject
		Update.txt = Update.txt
	EndProjectSection
EndProject
Global
	GlobalSection(SolutionConfigurationPlatforms) = preSolution
		Debug|Any CPU = Debug|Any CPU
		Release|Any CPU = Release|Any CPU
	EndGlobalSection
	GlobalSection(ProjectConfigurationPlatforms) = postSolution
		{C4495D12-6509-439E-B6D0-564D3D17F882}.Debug|Any CPU.ActiveCfg = Debug|Any CPU
		{C4495D12-6509-439E-B6D0-564D3D17F882}.Debug|Any CPU.Build.0 = Debug|Any CPU
		{C4495D12-6509-439E-B6D0-564D3D17F882}.Release|Any CPU.ActiveCfg = Release|Any CPU
		{C4495D12-6509-439E-B6D0-564D3D17F882}.Release|Any CPU.Build.0 = Release|Any CPU
		{594BF3E0-BA2C-4649-B19A-DAC323FE1F48}.Debug|Any CPU.ActiveCfg = Debug|Any CPU
		{594BF3E0-BA2C-4649-B19A-DAC323FE1F48}.Debug|Any CPU.Build.0 = Debug|Any CPU
		{594BF3E0-BA2C-4649-B19A-DAC323FE1F48}.Release|Any CPU.ActiveCfg = Release|Any CPU
		{594BF3E0-BA2C-4649-B19A-DAC323FE1F48}.Release|Any CPU.Build.0 = Release|Any CPU
	EndGlobalSection
	GlobalSection(SolutionProperties) = preSolution
		HideSolutionNode = FALSE
	EndGlobalSection
EndGlobal
