
Microsoft Visual Studio Solution File, Format Version 12.00
# Visual Studio 2012
Project("{FAE04EC0-301F-11D3-BF4B-00C04F79EFBC}") = "UMPS2400", "UMPS2400\UMPS2400.csproj", "{069359AB-5D01-43FF-B9FD-1C3149020E0C}"
EndProject
Project("{FAE04EC0-301F-11D3-BF4B-00C04F79EFBC}") = "Wcf24011", "Wcf24011\Wcf24011.csproj", "{200CEDAE-76A2-4A70-AE30-AE96E15B996B}"
EndProject
Project("{FAE04EC0-301F-11D3-BF4B-00C04F79EFBC}") = "Common2400", "Common2400\Common2400.csproj", "{B107880F-02F8-4E79-A300-658918D55EB4}"
EndProject
Project("{FAE04EC0-301F-11D3-BF4B-00C04F79EFBC}") = "Wcf24021", "Wcf24021\Wcf24021.csproj", "{EEA98C9C-86DB-45A1-A2FA-FFF404327B6F}"
EndProject
Project("{FAE04EC0-301F-11D3-BF4B-00C04F79EFBC}") = "Wcf24041", "Wcf24041\Wcf24041.csproj", "{2056ED85-5945-4A10-B944-9D5FF627868A}"
EndProject
Global
	GlobalSection(SolutionConfigurationPlatforms) = preSolution
		Debug|Any CPU = Debug|Any CPU
		Release|Any CPU = Release|Any CPU
	EndGlobalSection
	GlobalSection(ProjectConfigurationPlatforms) = postSolution
		{069359AB-5D01-43FF-B9FD-1C3149020E0C}.Debug|Any CPU.ActiveCfg = Debug|Any CPU
		{069359AB-5D01-43FF-B9FD-1C3149020E0C}.Debug|Any CPU.Build.0 = Debug|Any CPU
		{069359AB-5D01-43FF-B9FD-1C3149020E0C}.Release|Any CPU.ActiveCfg = Release|Any CPU
		{069359AB-5D01-43FF-B9FD-1C3149020E0C}.Release|Any CPU.Build.0 = Release|Any CPU
		{200CEDAE-76A2-4A70-AE30-AE96E15B996B}.Debug|Any CPU.ActiveCfg = Debug|Any CPU
		{200CEDAE-76A2-4A70-AE30-AE96E15B996B}.Debug|Any CPU.Build.0 = Debug|Any CPU
		{200CEDAE-76A2-4A70-AE30-AE96E15B996B}.Release|Any CPU.ActiveCfg = Release|Any CPU
		{200CEDAE-76A2-4A70-AE30-AE96E15B996B}.Release|Any CPU.Build.0 = Release|Any CPU
		{B107880F-02F8-4E79-A300-658918D55EB4}.Debug|Any CPU.ActiveCfg = Debug|Any CPU
		{B107880F-02F8-4E79-A300-658918D55EB4}.Debug|Any CPU.Build.0 = Debug|Any CPU
		{B107880F-02F8-4E79-A300-658918D55EB4}.Release|Any CPU.ActiveCfg = Release|Any CPU
		{B107880F-02F8-4E79-A300-658918D55EB4}.Release|Any CPU.Build.0 = Release|Any CPU
		{EEA98C9C-86DB-45A1-A2FA-FFF404327B6F}.Debug|Any CPU.ActiveCfg = Debug|Any CPU
		{EEA98C9C-86DB-45A1-A2FA-FFF404327B6F}.Debug|Any CPU.Build.0 = Debug|Any CPU
		{EEA98C9C-86DB-45A1-A2FA-FFF404327B6F}.Release|Any CPU.ActiveCfg = Release|Any CPU
		{EEA98C9C-86DB-45A1-A2FA-FFF404327B6F}.Release|Any CPU.Build.0 = Release|Any CPU
		{2056ED85-5945-4A10-B944-9D5FF627868A}.Debug|Any CPU.ActiveCfg = Debug|Any CPU
		{2056ED85-5945-4A10-B944-9D5FF627868A}.Debug|Any CPU.Build.0 = Debug|Any CPU
		{2056ED85-5945-4A10-B944-9D5FF627868A}.Release|Any CPU.ActiveCfg = Release|Any CPU
		{2056ED85-5945-4A10-B944-9D5FF627868A}.Release|Any CPU.Build.0 = Release|Any CPU
	EndGlobalSection
	GlobalSection(SolutionProperties) = preSolution
		HideSolutionNode = FALSE
	EndGlobalSection
EndGlobal
