
Microsoft Visual Studio Solution File, Format Version 12.00
# Visual Studio 2013
VisualStudioVersion = 12.0.40629.0
MinimumVisualStudioVersion = 10.0.40219.1
Project("{FAE04EC0-301F-11D3-BF4B-00C04F79EFBC}") = "UMPS4411", "UMPS4411\UMPS4411.csproj", "{BEA0471C-D247-420D-A46F-F2DD7946FC0C}"
EndProject
Project("{FAE04EC0-301F-11D3-BF4B-00C04F79EFBC}") = "Common44101", "Common44101\Common44101.csproj", "{C8A155C2-6BAC-4DAC-B237-E6B0A8212CE0}"
EndProject
Project("{FAE04EC0-301F-11D3-BF4B-00C04F79EFBC}") = "Wcf44101", "Wcf44101\Wcf44101.csproj", "{51670B67-1A4D-4460-9685-69012FF4A20A}"
EndProject
Project("{FAE04EC0-301F-11D3-BF4B-00C04F79EFBC}") = "UMPS4412", "UMPS4412\UMPS4412.csproj", "{26769ABE-3152-4CFD-A437-F8D08CD7CC08}"
EndProject
Project("{FAE04EC0-301F-11D3-BF4B-00C04F79EFBC}") = "UMPS4413", "UMPS4413\UMPS4413.csproj", "{D8FAA2C9-8035-40BA-A9DC-780810C4DF02}"
EndProject
Project("{FAE04EC0-301F-11D3-BF4B-00C04F79EFBC}") = "UMPS4414", "UMPS4414\UMPS4414.csproj", "{98BB1919-4574-47A8-9704-4C70506ABFF0}"
EndProject
Project("{FAE04EC0-301F-11D3-BF4B-00C04F79EFBC}") = "UMPS4415", "UMPS4415\UMPS4415.csproj", "{C9E8B9EA-2977-4AAE-A36B-6EBFD6AF0B83}"
EndProject
Global
	GlobalSection(SolutionConfigurationPlatforms) = preSolution
		Debug|Any CPU = Debug|Any CPU
		Release|Any CPU = Release|Any CPU
	EndGlobalSection
	GlobalSection(ProjectConfigurationPlatforms) = postSolution
		{BEA0471C-D247-420D-A46F-F2DD7946FC0C}.Debug|Any CPU.ActiveCfg = Debug|Any CPU
		{BEA0471C-D247-420D-A46F-F2DD7946FC0C}.Debug|Any CPU.Build.0 = Debug|Any CPU
		{BEA0471C-D247-420D-A46F-F2DD7946FC0C}.Release|Any CPU.ActiveCfg = Release|Any CPU
		{BEA0471C-D247-420D-A46F-F2DD7946FC0C}.Release|Any CPU.Build.0 = Release|Any CPU
		{C8A155C2-6BAC-4DAC-B237-E6B0A8212CE0}.Debug|Any CPU.ActiveCfg = Debug|Any CPU
		{C8A155C2-6BAC-4DAC-B237-E6B0A8212CE0}.Debug|Any CPU.Build.0 = Debug|Any CPU
		{C8A155C2-6BAC-4DAC-B237-E6B0A8212CE0}.Release|Any CPU.ActiveCfg = Release|Any CPU
		{C8A155C2-6BAC-4DAC-B237-E6B0A8212CE0}.Release|Any CPU.Build.0 = Release|Any CPU
		{51670B67-1A4D-4460-9685-69012FF4A20A}.Debug|Any CPU.ActiveCfg = Debug|Any CPU
		{51670B67-1A4D-4460-9685-69012FF4A20A}.Debug|Any CPU.Build.0 = Debug|Any CPU
		{51670B67-1A4D-4460-9685-69012FF4A20A}.Release|Any CPU.ActiveCfg = Release|Any CPU
		{51670B67-1A4D-4460-9685-69012FF4A20A}.Release|Any CPU.Build.0 = Release|Any CPU
		{26769ABE-3152-4CFD-A437-F8D08CD7CC08}.Debug|Any CPU.ActiveCfg = Debug|Any CPU
		{26769ABE-3152-4CFD-A437-F8D08CD7CC08}.Debug|Any CPU.Build.0 = Debug|Any CPU
		{26769ABE-3152-4CFD-A437-F8D08CD7CC08}.Release|Any CPU.ActiveCfg = Release|Any CPU
		{26769ABE-3152-4CFD-A437-F8D08CD7CC08}.Release|Any CPU.Build.0 = Release|Any CPU
		{D8FAA2C9-8035-40BA-A9DC-780810C4DF02}.Debug|Any CPU.ActiveCfg = Debug|Any CPU
		{D8FAA2C9-8035-40BA-A9DC-780810C4DF02}.Debug|Any CPU.Build.0 = Debug|Any CPU
		{D8FAA2C9-8035-40BA-A9DC-780810C4DF02}.Release|Any CPU.ActiveCfg = Release|Any CPU
		{D8FAA2C9-8035-40BA-A9DC-780810C4DF02}.Release|Any CPU.Build.0 = Release|Any CPU
		{98BB1919-4574-47A8-9704-4C70506ABFF0}.Debug|Any CPU.ActiveCfg = Debug|Any CPU
		{98BB1919-4574-47A8-9704-4C70506ABFF0}.Debug|Any CPU.Build.0 = Debug|Any CPU
		{98BB1919-4574-47A8-9704-4C70506ABFF0}.Release|Any CPU.ActiveCfg = Release|Any CPU
		{98BB1919-4574-47A8-9704-4C70506ABFF0}.Release|Any CPU.Build.0 = Release|Any CPU
		{C9E8B9EA-2977-4AAE-A36B-6EBFD6AF0B83}.Debug|Any CPU.ActiveCfg = Debug|Any CPU
		{C9E8B9EA-2977-4AAE-A36B-6EBFD6AF0B83}.Debug|Any CPU.Build.0 = Debug|Any CPU
		{C9E8B9EA-2977-4AAE-A36B-6EBFD6AF0B83}.Release|Any CPU.ActiveCfg = Release|Any CPU
		{C9E8B9EA-2977-4AAE-A36B-6EBFD6AF0B83}.Release|Any CPU.Build.0 = Release|Any CPU
	EndGlobalSection
	GlobalSection(SolutionProperties) = preSolution
		HideSolutionNode = FALSE
	EndGlobalSection
EndGlobal
