
Microsoft Visual Studio Solution File, Format Version 12.00
# Visual Studio 2012
Project("{FAE04EC0-301F-11D3-BF4B-00C04F79EFBC}") = "Common1111", "Common1111\Common1111.csproj", "{67840749-A9F7-413A-A7AD-BD9A8BDB7048}"
EndProject
Project("{FAE04EC0-301F-11D3-BF4B-00C04F79EFBC}") = "Wcf11111", "Wcf1111\Wcf11111.csproj", "{5EA8842A-AFE0-42CE-85E9-79F93F060497}"
EndProject
Project("{FAE04EC0-301F-11D3-BF4B-00C04F79EFBC}") = "UMPS1111", "UMPS1111\UMPS1111.csproj", "{A1C7774B-07F7-47DC-A3D2-65E15E1DFE1A}"
EndProject
Global
	GlobalSection(SolutionConfigurationPlatforms) = preSolution
		Debug|Any CPU = Debug|Any CPU
		Release|Any CPU = Release|Any CPU
	EndGlobalSection
	GlobalSection(ProjectConfigurationPlatforms) = postSolution
		{67840749-A9F7-413A-A7AD-BD9A8BDB7048}.Debug|Any CPU.ActiveCfg = Debug|Any CPU
		{67840749-A9F7-413A-A7AD-BD9A8BDB7048}.Debug|Any CPU.Build.0 = Debug|Any CPU
		{67840749-A9F7-413A-A7AD-BD9A8BDB7048}.Release|Any CPU.ActiveCfg = Release|Any CPU
		{67840749-A9F7-413A-A7AD-BD9A8BDB7048}.Release|Any CPU.Build.0 = Release|Any CPU
		{5EA8842A-AFE0-42CE-85E9-79F93F060497}.Debug|Any CPU.ActiveCfg = Debug|Any CPU
		{5EA8842A-AFE0-42CE-85E9-79F93F060497}.Debug|Any CPU.Build.0 = Debug|Any CPU
		{5EA8842A-AFE0-42CE-85E9-79F93F060497}.Release|Any CPU.ActiveCfg = Release|Any CPU
		{5EA8842A-AFE0-42CE-85E9-79F93F060497}.Release|Any CPU.Build.0 = Release|Any CPU
		{A1C7774B-07F7-47DC-A3D2-65E15E1DFE1A}.Debug|Any CPU.ActiveCfg = Debug|Any CPU
		{A1C7774B-07F7-47DC-A3D2-65E15E1DFE1A}.Debug|Any CPU.Build.0 = Debug|Any CPU
		{A1C7774B-07F7-47DC-A3D2-65E15E1DFE1A}.Release|Any CPU.ActiveCfg = Release|Any CPU
		{A1C7774B-07F7-47DC-A3D2-65E15E1DFE1A}.Release|Any CPU.Build.0 = Release|Any CPU
	EndGlobalSection
	GlobalSection(SolutionProperties) = preSolution
		HideSolutionNode = FALSE
	EndGlobalSection
EndGlobal
