
Microsoft Visual Studio Solution File, Format Version 12.00
# Visual Studio 2012
Project("{FAE04EC0-301F-11D3-BF4B-00C04F79EFBC}") = "TableXmlFile", "TableXmlFile\TableXmlFile.csproj", "{46CB0C18-1790-45B3-AF11-57E7E9AB3279}"
EndProject
Global
	GlobalSection(SolutionConfigurationPlatforms) = preSolution
		Debug|Any CPU = Debug|Any CPU
		Release|Any CPU = Release|Any CPU
	EndGlobalSection
	GlobalSection(ProjectConfigurationPlatforms) = postSolution
		{46CB0C18-1790-45B3-AF11-57E7E9AB3279}.Debug|Any CPU.ActiveCfg = Debug|Any CPU
		{46CB0C18-1790-45B3-AF11-57E7E9AB3279}.Debug|Any CPU.Build.0 = Debug|Any CPU
		{46CB0C18-1790-45B3-AF11-57E7E9AB3279}.Release|Any CPU.ActiveCfg = Release|Any CPU
		{46CB0C18-1790-45B3-AF11-57E7E9AB3279}.Release|Any CPU.Build.0 = Release|Any CPU
	EndGlobalSection
	GlobalSection(SolutionProperties) = preSolution
		HideSolutionNode = FALSE
	EndGlobalSection
EndGlobal
