
Microsoft Visual Studio Solution File, Format Version 12.00
# Visual Studio 2012
Project("{FAE04EC0-301F-11D3-BF4B-00C04F79EFBC}") = "UMPMainEntrance", "UMPMainEntrance\UMPMainEntrance.csproj", "{B564D9C9-5987-49C3-9A98-C08C14BEE6DC}"
EndProject
Project("{2150E333-8FDC-42A3-9474-1A3956D46DE8}") = "YoungControlsClasses", "YoungControlsClasses", "{9AACEC7F-FC0F-4737-A2C1-9B4732EC80D7}"
EndProject
Project("{FAE04EC0-301F-11D3-BF4B-00C04F79EFBC}") = "YoungControlLibrary", "..\YoungControlLibrary\YoungControlLibrary.csproj", "{BCDBED81-ACB2-4528-9C36-88B6860916BE}"
EndProject
Project("{FAE04EC0-301F-11D3-BF4B-00C04F79EFBC}") = "YoungClassesLibrary", "..\YoungClassesLibrary\YoungClassesLibrary.csproj", "{F7B8AB21-EF6E-4092-87E5-38AA20E7704A}"
EndProject
Project("{FAE04EC0-301F-11D3-BF4B-00C04F79EFBC}") = "UMPS1101", "..\UMPS1101\UMPS1101.csproj", "{88C4716C-6B44-41C9-9A3F-FBFB04D9572F}"
EndProject
Global
	GlobalSection(SolutionConfigurationPlatforms) = preSolution
		Debug|Any CPU = Debug|Any CPU
		Release|Any CPU = Release|Any CPU
	EndGlobalSection
	GlobalSection(ProjectConfigurationPlatforms) = postSolution
		{B564D9C9-5987-49C3-9A98-C08C14BEE6DC}.Debug|Any CPU.ActiveCfg = Debug|Any CPU
		{B564D9C9-5987-49C3-9A98-C08C14BEE6DC}.Debug|Any CPU.Build.0 = Debug|Any CPU
		{B564D9C9-5987-49C3-9A98-C08C14BEE6DC}.Release|Any CPU.ActiveCfg = Release|Any CPU
		{B564D9C9-5987-49C3-9A98-C08C14BEE6DC}.Release|Any CPU.Build.0 = Release|Any CPU
		{BCDBED81-ACB2-4528-9C36-88B6860916BE}.Debug|Any CPU.ActiveCfg = Debug|Any CPU
		{BCDBED81-ACB2-4528-9C36-88B6860916BE}.Debug|Any CPU.Build.0 = Debug|Any CPU
		{BCDBED81-ACB2-4528-9C36-88B6860916BE}.Release|Any CPU.ActiveCfg = Release|Any CPU
		{BCDBED81-ACB2-4528-9C36-88B6860916BE}.Release|Any CPU.Build.0 = Release|Any CPU
		{F7B8AB21-EF6E-4092-87E5-38AA20E7704A}.Debug|Any CPU.ActiveCfg = Debug|Any CPU
		{F7B8AB21-EF6E-4092-87E5-38AA20E7704A}.Debug|Any CPU.Build.0 = Debug|Any CPU
		{F7B8AB21-EF6E-4092-87E5-38AA20E7704A}.Release|Any CPU.ActiveCfg = Release|Any CPU
		{F7B8AB21-EF6E-4092-87E5-38AA20E7704A}.Release|Any CPU.Build.0 = Release|Any CPU
		{88C4716C-6B44-41C9-9A3F-FBFB04D9572F}.Debug|Any CPU.ActiveCfg = Debug|Any CPU
		{88C4716C-6B44-41C9-9A3F-FBFB04D9572F}.Debug|Any CPU.Build.0 = Debug|Any CPU
		{88C4716C-6B44-41C9-9A3F-FBFB04D9572F}.Release|Any CPU.ActiveCfg = Release|Any CPU
		{88C4716C-6B44-41C9-9A3F-FBFB04D9572F}.Release|Any CPU.Build.0 = Release|Any CPU
	EndGlobalSection
	GlobalSection(SolutionProperties) = preSolution
		HideSolutionNode = FALSE
	EndGlobalSection
	GlobalSection(NestedProjects) = preSolution
		{BCDBED81-ACB2-4528-9C36-88B6860916BE} = {9AACEC7F-FC0F-4737-A2C1-9B4732EC80D7}
		{F7B8AB21-EF6E-4092-87E5-38AA20E7704A} = {9AACEC7F-FC0F-4737-A2C1-9B4732EC80D7}
	EndGlobalSection
EndGlobal
