
Microsoft Visual Studio Solution File, Format Version 12.00
# Visual Studio 2012
Project("{FAE04EC0-301F-11D3-BF4B-00C04F79EFBC}") = "Common21021", "Common21021\Common21021.csproj", "{F6E04402-374B-418C-9D0F-32ECE0DFB23C}"
EndProject
Project("{FAE04EC0-301F-11D3-BF4B-00C04F79EFBC}") = "Wcf21021", "Wcf21021\Wcf21021.csproj", "{9BFA262F-2FD3-42E9-8A25-602F0A2EAA0E}"
EndProject
Project("{FAE04EC0-301F-11D3-BF4B-00C04F79EFBC}") = "UMPS2102", "UMPS2102\UMPS2102.csproj", "{F306B50C-29DE-456F-8620-C051D1083065}"
EndProject
Project("{FAE04EC0-301F-11D3-BF4B-00C04F79EFBC}") = "UMPS2102Demo", "UMPS2102Demo\UMPS2102Demo.csproj", "{02F8FC28-0E16-4523-A8CC-11D232440942}"
EndProject
Global
	GlobalSection(SolutionConfigurationPlatforms) = preSolution
		Debug|Any CPU = Debug|Any CPU
		Release|Any CPU = Release|Any CPU
	EndGlobalSection
	GlobalSection(ProjectConfigurationPlatforms) = postSolution
		{F6E04402-374B-418C-9D0F-32ECE0DFB23C}.Debug|Any CPU.ActiveCfg = Debug|Any CPU
		{F6E04402-374B-418C-9D0F-32ECE0DFB23C}.Debug|Any CPU.Build.0 = Debug|Any CPU
		{F6E04402-374B-418C-9D0F-32ECE0DFB23C}.Release|Any CPU.ActiveCfg = Release|Any CPU
		{F6E04402-374B-418C-9D0F-32ECE0DFB23C}.Release|Any CPU.Build.0 = Release|Any CPU
		{9BFA262F-2FD3-42E9-8A25-602F0A2EAA0E}.Debug|Any CPU.ActiveCfg = Debug|Any CPU
		{9BFA262F-2FD3-42E9-8A25-602F0A2EAA0E}.Debug|Any CPU.Build.0 = Debug|Any CPU
		{9BFA262F-2FD3-42E9-8A25-602F0A2EAA0E}.Release|Any CPU.ActiveCfg = Release|Any CPU
		{9BFA262F-2FD3-42E9-8A25-602F0A2EAA0E}.Release|Any CPU.Build.0 = Release|Any CPU
		{F306B50C-29DE-456F-8620-C051D1083065}.Debug|Any CPU.ActiveCfg = Debug|Any CPU
		{F306B50C-29DE-456F-8620-C051D1083065}.Debug|Any CPU.Build.0 = Debug|Any CPU
		{F306B50C-29DE-456F-8620-C051D1083065}.Release|Any CPU.ActiveCfg = Release|Any CPU
		{F306B50C-29DE-456F-8620-C051D1083065}.Release|Any CPU.Build.0 = Release|Any CPU
		{02F8FC28-0E16-4523-A8CC-11D232440942}.Debug|Any CPU.ActiveCfg = Debug|Any CPU
		{02F8FC28-0E16-4523-A8CC-11D232440942}.Debug|Any CPU.Build.0 = Debug|Any CPU
		{02F8FC28-0E16-4523-A8CC-11D232440942}.Release|Any CPU.ActiveCfg = Release|Any CPU
		{02F8FC28-0E16-4523-A8CC-11D232440942}.Release|Any CPU.Build.0 = Release|Any CPU
	EndGlobalSection
	GlobalSection(SolutionProperties) = preSolution
		HideSolutionNode = FALSE
	EndGlobalSection
EndGlobal
