
Microsoft Visual Studio Solution File, Format Version 12.00
# Visual Studio 2013
VisualStudioVersion = 12.0.40629.0
MinimumVisualStudioVersion = 10.0.40219.1
Project("{FAE04EC0-301F-11D3-BF4B-00C04F79EFBC}") = "UMPS1201", "UMPS1201\UMPS1201.csproj", "{71E6D656-7278-4726-9502-50D3846A80B2}"
EndProject
Project("{FAE04EC0-301F-11D3-BF4B-00C04F79EFBC}") = "Common12001", "Common12001\Common12001.csproj", "{FAC0485E-DD5F-4305-9FEA-C18FBD8D46F8}"
EndProject
Project("{FAE04EC0-301F-11D3-BF4B-00C04F79EFBC}") = "UMPS1203", "UMPS1203\UMPS1203.csproj", "{6D965584-C9DD-436D-BBA6-2DC4925AC13A}"
EndProject
Project("{FAE04EC0-301F-11D3-BF4B-00C04F79EFBC}") = "UMPS1204", "UMPS1204\UMPS1204.csproj", "{56DF795E-8DF9-4AB7-B2D9-959624F5C94F}"
EndProject
Project("{FAE04EC0-301F-11D3-BF4B-00C04F79EFBC}") = "UMPS1205", "UMPS1205\UMPS1205.csproj", "{E1C0EE97-47DD-4030-90E8-5C66D15C2EE1}"
EndProject
Project("{FAE04EC0-301F-11D3-BF4B-00C04F79EFBC}") = "Wcf12001", "Wcf12001\Wcf12001.csproj", "{F29A3207-2B43-4A78-B747-B3FEDD1BCA26}"
EndProject
Project("{FAE04EC0-301F-11D3-BF4B-00C04F79EFBC}") = "UMPS1202", "UMPS1202\UMPS1202.csproj", "{23BE8672-D424-4F35-9AD9-966DC0EAA1F0}"
EndProject
Project("{FAE04EC0-301F-11D3-BF4B-00C04F79EFBC}") = "UMPS1299", "UMPS1299\UMPS1299.csproj", "{A6EDD65F-748F-43E7-87EF-4F91618DCC7D}"
EndProject
Project("{FAE04EC0-301F-11D3-BF4B-00C04F79EFBC}") = "UMPS1206", "UMPS1206\UMPS1206.csproj", "{D8165B44-F1EF-45FB-BF3D-D42F13778FAB}"
EndProject
Project("{FAE04EC0-301F-11D3-BF4B-00C04F79EFBC}") = "Common12002", "Common12002\Common12002.csproj", "{1A3F264F-D408-46EB-9B67-A47D3EDF058B}"
EndProject
Global
	GlobalSection(SolutionConfigurationPlatforms) = preSolution
		Debug|Any CPU = Debug|Any CPU
		Release|Any CPU = Release|Any CPU
	EndGlobalSection
	GlobalSection(ProjectConfigurationPlatforms) = postSolution
		{71E6D656-7278-4726-9502-50D3846A80B2}.Debug|Any CPU.ActiveCfg = Debug|Any CPU
		{71E6D656-7278-4726-9502-50D3846A80B2}.Debug|Any CPU.Build.0 = Debug|Any CPU
		{71E6D656-7278-4726-9502-50D3846A80B2}.Release|Any CPU.ActiveCfg = Release|Any CPU
		{71E6D656-7278-4726-9502-50D3846A80B2}.Release|Any CPU.Build.0 = Release|Any CPU
		{FAC0485E-DD5F-4305-9FEA-C18FBD8D46F8}.Debug|Any CPU.ActiveCfg = Debug|Any CPU
		{FAC0485E-DD5F-4305-9FEA-C18FBD8D46F8}.Debug|Any CPU.Build.0 = Debug|Any CPU
		{FAC0485E-DD5F-4305-9FEA-C18FBD8D46F8}.Release|Any CPU.ActiveCfg = Release|Any CPU
		{FAC0485E-DD5F-4305-9FEA-C18FBD8D46F8}.Release|Any CPU.Build.0 = Release|Any CPU
		{6D965584-C9DD-436D-BBA6-2DC4925AC13A}.Debug|Any CPU.ActiveCfg = Debug|Any CPU
		{6D965584-C9DD-436D-BBA6-2DC4925AC13A}.Debug|Any CPU.Build.0 = Debug|Any CPU
		{6D965584-C9DD-436D-BBA6-2DC4925AC13A}.Release|Any CPU.ActiveCfg = Release|Any CPU
		{6D965584-C9DD-436D-BBA6-2DC4925AC13A}.Release|Any CPU.Build.0 = Release|Any CPU
		{56DF795E-8DF9-4AB7-B2D9-959624F5C94F}.Debug|Any CPU.ActiveCfg = Debug|Any CPU
		{56DF795E-8DF9-4AB7-B2D9-959624F5C94F}.Debug|Any CPU.Build.0 = Debug|Any CPU
		{56DF795E-8DF9-4AB7-B2D9-959624F5C94F}.Release|Any CPU.ActiveCfg = Release|Any CPU
		{56DF795E-8DF9-4AB7-B2D9-959624F5C94F}.Release|Any CPU.Build.0 = Release|Any CPU
		{E1C0EE97-47DD-4030-90E8-5C66D15C2EE1}.Debug|Any CPU.ActiveCfg = Debug|Any CPU
		{E1C0EE97-47DD-4030-90E8-5C66D15C2EE1}.Debug|Any CPU.Build.0 = Debug|Any CPU
		{E1C0EE97-47DD-4030-90E8-5C66D15C2EE1}.Release|Any CPU.ActiveCfg = Release|Any CPU
		{E1C0EE97-47DD-4030-90E8-5C66D15C2EE1}.Release|Any CPU.Build.0 = Release|Any CPU
		{F29A3207-2B43-4A78-B747-B3FEDD1BCA26}.Debug|Any CPU.ActiveCfg = Debug|Any CPU
		{F29A3207-2B43-4A78-B747-B3FEDD1BCA26}.Debug|Any CPU.Build.0 = Debug|Any CPU
		{F29A3207-2B43-4A78-B747-B3FEDD1BCA26}.Release|Any CPU.ActiveCfg = Release|Any CPU
		{F29A3207-2B43-4A78-B747-B3FEDD1BCA26}.Release|Any CPU.Build.0 = Release|Any CPU
		{23BE8672-D424-4F35-9AD9-966DC0EAA1F0}.Debug|Any CPU.ActiveCfg = Debug|Any CPU
		{23BE8672-D424-4F35-9AD9-966DC0EAA1F0}.Debug|Any CPU.Build.0 = Debug|Any CPU
		{23BE8672-D424-4F35-9AD9-966DC0EAA1F0}.Release|Any CPU.ActiveCfg = Release|Any CPU
		{23BE8672-D424-4F35-9AD9-966DC0EAA1F0}.Release|Any CPU.Build.0 = Release|Any CPU
		{A6EDD65F-748F-43E7-87EF-4F91618DCC7D}.Debug|Any CPU.ActiveCfg = Debug|Any CPU
		{A6EDD65F-748F-43E7-87EF-4F91618DCC7D}.Debug|Any CPU.Build.0 = Debug|Any CPU
		{A6EDD65F-748F-43E7-87EF-4F91618DCC7D}.Release|Any CPU.ActiveCfg = Release|Any CPU
		{A6EDD65F-748F-43E7-87EF-4F91618DCC7D}.Release|Any CPU.Build.0 = Release|Any CPU
		{D8165B44-F1EF-45FB-BF3D-D42F13778FAB}.Debug|Any CPU.ActiveCfg = Debug|Any CPU
		{D8165B44-F1EF-45FB-BF3D-D42F13778FAB}.Debug|Any CPU.Build.0 = Debug|Any CPU
		{D8165B44-F1EF-45FB-BF3D-D42F13778FAB}.Release|Any CPU.ActiveCfg = Release|Any CPU
		{D8165B44-F1EF-45FB-BF3D-D42F13778FAB}.Release|Any CPU.Build.0 = Release|Any CPU
		{1A3F264F-D408-46EB-9B67-A47D3EDF058B}.Debug|Any CPU.ActiveCfg = Debug|Any CPU
		{1A3F264F-D408-46EB-9B67-A47D3EDF058B}.Debug|Any CPU.Build.0 = Debug|Any CPU
		{1A3F264F-D408-46EB-9B67-A47D3EDF058B}.Release|Any CPU.ActiveCfg = Release|Any CPU
		{1A3F264F-D408-46EB-9B67-A47D3EDF058B}.Release|Any CPU.Build.0 = Release|Any CPU
	EndGlobalSection
	GlobalSection(SolutionProperties) = preSolution
		HideSolutionNode = FALSE
	EndGlobalSection
EndGlobal
