
Microsoft Visual Studio Solution File, Format Version 12.00
# Visual Studio 2012
Project("{FAE04EC0-301F-11D3-BF4B-00C04F79EFBC}") = "UMPService06", "UMPService06\UMPService06.csproj", "{F25357CD-F1D5-4D8B-97AB-D6868D40F58A}"
EndProject
Project("{FAE04EC0-301F-11D3-BF4B-00C04F79EFBC}") = "Service06Client", "Service06Client\Service06Client.csproj", "{02D85D22-0884-467A-84DB-561DD0036E66}"
EndProject
Global
	GlobalSection(SolutionConfigurationPlatforms) = preSolution
		Debug|Any CPU = Debug|Any CPU
		Release|Any CPU = Release|Any CPU
	EndGlobalSection
	GlobalSection(ProjectConfigurationPlatforms) = postSolution
		{F25357CD-F1D5-4D8B-97AB-D6868D40F58A}.Debug|Any CPU.ActiveCfg = Debug|Any CPU
		{F25357CD-F1D5-4D8B-97AB-D6868D40F58A}.Debug|Any CPU.Build.0 = Debug|Any CPU
		{F25357CD-F1D5-4D8B-97AB-D6868D40F58A}.Release|Any CPU.ActiveCfg = Release|Any CPU
		{F25357CD-F1D5-4D8B-97AB-D6868D40F58A}.Release|Any CPU.Build.0 = Release|Any CPU
		{02D85D22-0884-467A-84DB-561DD0036E66}.Debug|Any CPU.ActiveCfg = Debug|Any CPU
		{02D85D22-0884-467A-84DB-561DD0036E66}.Debug|Any CPU.Build.0 = Debug|Any CPU
		{02D85D22-0884-467A-84DB-561DD0036E66}.Release|Any CPU.ActiveCfg = Release|Any CPU
		{02D85D22-0884-467A-84DB-561DD0036E66}.Release|Any CPU.Build.0 = Release|Any CPU
	EndGlobalSection
	GlobalSection(SolutionProperties) = preSolution
		HideSolutionNode = FALSE
	EndGlobalSection
EndGlobal
