
Microsoft Visual Studio Solution File, Format Version 12.00
# Visual Studio 2012
Project("{FAE04EC0-301F-11D3-BF4B-00C04F79EFBC}") = "Common25011", "Common25011\Common25011.csproj", "{C22F134C-0EC9-4A1C-93A9-E140DA866492}"
EndProject
Project("{FAE04EC0-301F-11D3-BF4B-00C04F79EFBC}") = "UMPS2501", "UMPS2501\UMPS2501.csproj", "{F9FD37B3-2D69-4B4F-B424-B5CE720C9663}"
EndProject
Project("{FAE04EC0-301F-11D3-BF4B-00C04F79EFBC}") = "Wcf25011", "Wcf25011\Wcf25011.csproj", "{A1A4653B-87F7-4820-B624-B7786EF04E74}"
EndProject
Global
	GlobalSection(SolutionConfigurationPlatforms) = preSolution
		Debug|Any CPU = Debug|Any CPU
		Release|Any CPU = Release|Any CPU
	EndGlobalSection
	GlobalSection(ProjectConfigurationPlatforms) = postSolution
		{C22F134C-0EC9-4A1C-93A9-E140DA866492}.Debug|Any CPU.ActiveCfg = Debug|Any CPU
		{C22F134C-0EC9-4A1C-93A9-E140DA866492}.Debug|Any CPU.Build.0 = Debug|Any CPU
		{C22F134C-0EC9-4A1C-93A9-E140DA866492}.Release|Any CPU.ActiveCfg = Release|Any CPU
		{C22F134C-0EC9-4A1C-93A9-E140DA866492}.Release|Any CPU.Build.0 = Release|Any CPU
		{F9FD37B3-2D69-4B4F-B424-B5CE720C9663}.Debug|Any CPU.ActiveCfg = Debug|Any CPU
		{F9FD37B3-2D69-4B4F-B424-B5CE720C9663}.Debug|Any CPU.Build.0 = Debug|Any CPU
		{F9FD37B3-2D69-4B4F-B424-B5CE720C9663}.Release|Any CPU.ActiveCfg = Release|Any CPU
		{F9FD37B3-2D69-4B4F-B424-B5CE720C9663}.Release|Any CPU.Build.0 = Release|Any CPU
		{A1A4653B-87F7-4820-B624-B7786EF04E74}.Debug|Any CPU.ActiveCfg = Debug|Any CPU
		{A1A4653B-87F7-4820-B624-B7786EF04E74}.Debug|Any CPU.Build.0 = Debug|Any CPU
		{A1A4653B-87F7-4820-B624-B7786EF04E74}.Release|Any CPU.ActiveCfg = Release|Any CPU
		{A1A4653B-87F7-4820-B624-B7786EF04E74}.Release|Any CPU.Build.0 = Release|Any CPU
	EndGlobalSection
	GlobalSection(SolutionProperties) = preSolution
		HideSolutionNode = FALSE
	EndGlobalSection
EndGlobal
