
Microsoft Visual Studio Solution File, Format Version 12.00
# Visual Studio 2012
Project("{FAE04EC0-301F-11D3-BF4B-00C04F79EFBC}") = "UMPService00", "UMPService00\UMPService00.csproj", "{9A03E10D-88B2-4D95-8A92-22A28974AD8D}"
EndProject
Project("{FAE04EC0-301F-11D3-BF4B-00C04F79EFBC}") = "Service00Client", "Service00Client\Service00Client.csproj", "{6857DDEF-FF1F-4627-A0A2-FB76F6DF98AB}"
EndProject
Global
	GlobalSection(SolutionConfigurationPlatforms) = preSolution
		Debug|Any CPU = Debug|Any CPU
		Release|Any CPU = Release|Any CPU
	EndGlobalSection
	GlobalSection(ProjectConfigurationPlatforms) = postSolution
		{9A03E10D-88B2-4D95-8A92-22A28974AD8D}.Debug|Any CPU.ActiveCfg = Debug|Any CPU
		{9A03E10D-88B2-4D95-8A92-22A28974AD8D}.Debug|Any CPU.Build.0 = Debug|Any CPU
		{9A03E10D-88B2-4D95-8A92-22A28974AD8D}.Release|Any CPU.ActiveCfg = Release|Any CPU
		{9A03E10D-88B2-4D95-8A92-22A28974AD8D}.Release|Any CPU.Build.0 = Release|Any CPU
		{6857DDEF-FF1F-4627-A0A2-FB76F6DF98AB}.Debug|Any CPU.ActiveCfg = Debug|Any CPU
		{6857DDEF-FF1F-4627-A0A2-FB76F6DF98AB}.Debug|Any CPU.Build.0 = Debug|Any CPU
		{6857DDEF-FF1F-4627-A0A2-FB76F6DF98AB}.Release|Any CPU.ActiveCfg = Release|Any CPU
		{6857DDEF-FF1F-4627-A0A2-FB76F6DF98AB}.Release|Any CPU.Build.0 = Release|Any CPU
	EndGlobalSection
	GlobalSection(SolutionProperties) = preSolution
		HideSolutionNode = FALSE
	EndGlobalSection
EndGlobal
