
Microsoft Visual Studio Solution File, Format Version 12.00
# Visual Studio 2012
Project("{FAE04EC0-301F-11D3-BF4B-00C04F79EFBC}") = "ScreenMP4Net", "ScreenMP4Net\ScreenMP4Net.csproj", "{CED81762-2AEA-49BB-B73F-C2AE1DAFA270}"
EndProject
Project("{FAE04EC0-301F-11D3-BF4B-00C04F79EFBC}") = "ScreenMP4NetDemo", "ScreenMP4NetDemo\ScreenMP4NetDemo.csproj", "{0B4A621E-8E02-4968-8910-F8D5F735D041}"
EndProject
Global
	GlobalSection(SolutionConfigurationPlatforms) = preSolution
		Debug|Any CPU = Debug|Any CPU
		Release|Any CPU = Release|Any CPU
	EndGlobalSection
	GlobalSection(ProjectConfigurationPlatforms) = postSolution
		{CED81762-2AEA-49BB-B73F-C2AE1DAFA270}.Debug|Any CPU.ActiveCfg = Debug|Any CPU
		{CED81762-2AEA-49BB-B73F-C2AE1DAFA270}.Debug|Any CPU.Build.0 = Debug|Any CPU
		{CED81762-2AEA-49BB-B73F-C2AE1DAFA270}.Release|Any CPU.ActiveCfg = Release|Any CPU
		{CED81762-2AEA-49BB-B73F-C2AE1DAFA270}.Release|Any CPU.Build.0 = Release|Any CPU
		{0B4A621E-8E02-4968-8910-F8D5F735D041}.Debug|Any CPU.ActiveCfg = Debug|Any CPU
		{0B4A621E-8E02-4968-8910-F8D5F735D041}.Debug|Any CPU.Build.0 = Debug|Any CPU
		{0B4A621E-8E02-4968-8910-F8D5F735D041}.Release|Any CPU.ActiveCfg = Release|Any CPU
		{0B4A621E-8E02-4968-8910-F8D5F735D041}.Release|Any CPU.Build.0 = Release|Any CPU
	EndGlobalSection
	GlobalSection(SolutionProperties) = preSolution
		HideSolutionNode = FALSE
	EndGlobalSection
EndGlobal
