
Microsoft Visual Studio Solution File, Format Version 12.00
# Visual Studio 2012
Project("{FAE04EC0-301F-11D3-BF4B-00C04F79EFBC}") = "UMPService04", "UMPService04\UMPService04.csproj", "{041E7E7B-807D-4B3A-839B-F4996A38EDC0}"
EndProject
Project("{FAE04EC0-301F-11D3-BF4B-00C04F79EFBC}") = "CommonService04", "CommonService04\CommonService04.csproj", "{2673DD9D-DCD6-43D2-9587-E92B5064B07A}"
EndProject
Project("{FAE04EC0-301F-11D3-BF4B-00C04F79EFBC}") = "UMPService04Demo", "UMPService04Demo\UMPService04Demo.csproj", "{50DF9EC0-233D-4D98-99FE-E03009CEF1A1}"
EndProject
Global
	GlobalSection(SolutionConfigurationPlatforms) = preSolution
		Debug|Any CPU = Debug|Any CPU
		Release|Any CPU = Release|Any CPU
	EndGlobalSection
	GlobalSection(ProjectConfigurationPlatforms) = postSolution
		{041E7E7B-807D-4B3A-839B-F4996A38EDC0}.Debug|Any CPU.ActiveCfg = Debug|Any CPU
		{041E7E7B-807D-4B3A-839B-F4996A38EDC0}.Debug|Any CPU.Build.0 = Debug|Any CPU
		{041E7E7B-807D-4B3A-839B-F4996A38EDC0}.Release|Any CPU.ActiveCfg = Release|Any CPU
		{041E7E7B-807D-4B3A-839B-F4996A38EDC0}.Release|Any CPU.Build.0 = Release|Any CPU
		{2673DD9D-DCD6-43D2-9587-E92B5064B07A}.Debug|Any CPU.ActiveCfg = Debug|Any CPU
		{2673DD9D-DCD6-43D2-9587-E92B5064B07A}.Debug|Any CPU.Build.0 = Debug|Any CPU
		{2673DD9D-DCD6-43D2-9587-E92B5064B07A}.Release|Any CPU.ActiveCfg = Release|Any CPU
		{2673DD9D-DCD6-43D2-9587-E92B5064B07A}.Release|Any CPU.Build.0 = Release|Any CPU
		{50DF9EC0-233D-4D98-99FE-E03009CEF1A1}.Debug|Any CPU.ActiveCfg = Debug|Any CPU
		{50DF9EC0-233D-4D98-99FE-E03009CEF1A1}.Debug|Any CPU.Build.0 = Debug|Any CPU
		{50DF9EC0-233D-4D98-99FE-E03009CEF1A1}.Release|Any CPU.ActiveCfg = Release|Any CPU
		{50DF9EC0-233D-4D98-99FE-E03009CEF1A1}.Release|Any CPU.Build.0 = Release|Any CPU
	EndGlobalSection
	GlobalSection(SolutionProperties) = preSolution
		HideSolutionNode = FALSE
	EndGlobalSection
EndGlobal
