
Microsoft Visual Studio Solution File, Format Version 12.00
# Visual Studio 2013
VisualStudioVersion = 12.0.40629.0
MinimumVisualStudioVersion = 10.0.40219.1
Project("{FAE04EC0-301F-11D3-BF4B-00C04F79EFBC}") = "UMPS3101", "UMPS3101\UMPS3101.csproj", "{66E4F2F7-DAC5-46EA-A1E4-0ACE2C440D96}"
EndProject
Project("{FAE04EC0-301F-11D3-BF4B-00C04F79EFBC}") = "Common31011", "Common31011\Common31011.csproj", "{14BEA8C4-5FD9-454A-B43A-5DDFBF27FF85}"
EndProject
Project("{FAE04EC0-301F-11D3-BF4B-00C04F79EFBC}") = "Wcf31011", "Wcf31011\Wcf31011.csproj", "{25B46CB4-A089-41AC-8997-D1D3BD6A436E}"
EndProject
Global
	GlobalSection(SolutionConfigurationPlatforms) = preSolution
		Debug|Any CPU = Debug|Any CPU
		Release|Any CPU = Release|Any CPU
	EndGlobalSection
	GlobalSection(ProjectConfigurationPlatforms) = postSolution
		{66E4F2F7-DAC5-46EA-A1E4-0ACE2C440D96}.Debug|Any CPU.ActiveCfg = Debug|Any CPU
		{66E4F2F7-DAC5-46EA-A1E4-0ACE2C440D96}.Debug|Any CPU.Build.0 = Debug|Any CPU
		{66E4F2F7-DAC5-46EA-A1E4-0ACE2C440D96}.Release|Any CPU.ActiveCfg = Release|Any CPU
		{66E4F2F7-DAC5-46EA-A1E4-0ACE2C440D96}.Release|Any CPU.Build.0 = Release|Any CPU
		{14BEA8C4-5FD9-454A-B43A-5DDFBF27FF85}.Debug|Any CPU.ActiveCfg = Debug|Any CPU
		{14BEA8C4-5FD9-454A-B43A-5DDFBF27FF85}.Debug|Any CPU.Build.0 = Debug|Any CPU
		{14BEA8C4-5FD9-454A-B43A-5DDFBF27FF85}.Release|Any CPU.ActiveCfg = Release|Any CPU
		{14BEA8C4-5FD9-454A-B43A-5DDFBF27FF85}.Release|Any CPU.Build.0 = Release|Any CPU
		{25B46CB4-A089-41AC-8997-D1D3BD6A436E}.Debug|Any CPU.ActiveCfg = Debug|Any CPU
		{25B46CB4-A089-41AC-8997-D1D3BD6A436E}.Debug|Any CPU.Build.0 = Debug|Any CPU
		{25B46CB4-A089-41AC-8997-D1D3BD6A436E}.Release|Any CPU.ActiveCfg = Release|Any CPU
		{25B46CB4-A089-41AC-8997-D1D3BD6A436E}.Release|Any CPU.Build.0 = Release|Any CPU
	EndGlobalSection
	GlobalSection(SolutionProperties) = preSolution
		HideSolutionNode = FALSE
	EndGlobalSection
EndGlobal
