
Microsoft Visual Studio Solution File, Format Version 12.00
# Visual Studio 2013
VisualStudioVersion = 12.0.40629.0
MinimumVisualStudioVersion = 10.0.40219.1
Project("{FAE04EC0-301F-11D3-BF4B-00C04F79EFBC}") = "UMPService02", "UMPService02\UMPService02.csproj", "{B0E995E0-D97A-489A-8F06-1713059056DE}"
EndProject
Project("{FAE04EC0-301F-11D3-BF4B-00C04F79EFBC}") = "WpfApplication1", "WpfApplication1\WpfApplication1.csproj", "{2E5C3354-3EDA-494B-AABE-23130D6DF47A}"
EndProject
Global
	GlobalSection(SolutionConfigurationPlatforms) = preSolution
		Debug|Any CPU = Debug|Any CPU
		Release|Any CPU = Release|Any CPU
	EndGlobalSection
	GlobalSection(ProjectConfigurationPlatforms) = postSolution
		{B0E995E0-D97A-489A-8F06-1713059056DE}.Debug|Any CPU.ActiveCfg = Debug|Any CPU
		{B0E995E0-D97A-489A-8F06-1713059056DE}.Debug|Any CPU.Build.0 = Debug|Any CPU
		{B0E995E0-D97A-489A-8F06-1713059056DE}.Release|Any CPU.ActiveCfg = Release|Any CPU
		{B0E995E0-D97A-489A-8F06-1713059056DE}.Release|Any CPU.Build.0 = Release|Any CPU
		{2E5C3354-3EDA-494B-AABE-23130D6DF47A}.Debug|Any CPU.ActiveCfg = Debug|Any CPU
		{2E5C3354-3EDA-494B-AABE-23130D6DF47A}.Debug|Any CPU.Build.0 = Debug|Any CPU
		{2E5C3354-3EDA-494B-AABE-23130D6DF47A}.Release|Any CPU.ActiveCfg = Release|Any CPU
		{2E5C3354-3EDA-494B-AABE-23130D6DF47A}.Release|Any CPU.Build.0 = Release|Any CPU
	EndGlobalSection
	GlobalSection(SolutionProperties) = preSolution
		HideSolutionNode = FALSE
	EndGlobalSection
EndGlobal
