
Microsoft Visual Studio Solution File, Format Version 12.00
# Visual Studio 2013
VisualStudioVersion = 12.0.40629.0
MinimumVisualStudioVersion = 10.0.40219.1
Project("{FAE04EC0-301F-11D3-BF4B-00C04F79EFBC}") = "UMPS3104", "UMPS3104\UMPS3104.csproj", "{019CDFDA-01AE-4B44-B7F2-6B81AE8CCAF0}"
	ProjectSection(ProjectDependencies) = postProject
		{5AAA08DE-ECD1-4321-8B22-6699425D0BC9} = {5AAA08DE-ECD1-4321-8B22-6699425D0BC9}
	EndProjectSection
EndProject
Project("{FAE04EC0-301F-11D3-BF4B-00C04F79EFBC}") = "Common31041", "Common31041\Common31041.csproj", "{1461E9A1-02B9-41AB-B02A-288779B8DACE}"
EndProject
Project("{FAE04EC0-301F-11D3-BF4B-00C04F79EFBC}") = "Wcf31041", "Wcf31041\Wcf31041.csproj", "{5AAA08DE-ECD1-4321-8B22-6699425D0BC9}"
EndProject
Global
	GlobalSection(SolutionConfigurationPlatforms) = preSolution
		Debug|Any CPU = Debug|Any CPU
		Release|Any CPU = Release|Any CPU
	EndGlobalSection
	GlobalSection(ProjectConfigurationPlatforms) = postSolution
		{019CDFDA-01AE-4B44-B7F2-6B81AE8CCAF0}.Debug|Any CPU.ActiveCfg = Debug|Any CPU
		{019CDFDA-01AE-4B44-B7F2-6B81AE8CCAF0}.Debug|Any CPU.Build.0 = Debug|Any CPU
		{019CDFDA-01AE-4B44-B7F2-6B81AE8CCAF0}.Release|Any CPU.ActiveCfg = Release|Any CPU
		{019CDFDA-01AE-4B44-B7F2-6B81AE8CCAF0}.Release|Any CPU.Build.0 = Release|Any CPU
		{1461E9A1-02B9-41AB-B02A-288779B8DACE}.Debug|Any CPU.ActiveCfg = Debug|Any CPU
		{1461E9A1-02B9-41AB-B02A-288779B8DACE}.Debug|Any CPU.Build.0 = Debug|Any CPU
		{1461E9A1-02B9-41AB-B02A-288779B8DACE}.Release|Any CPU.ActiveCfg = Release|Any CPU
		{1461E9A1-02B9-41AB-B02A-288779B8DACE}.Release|Any CPU.Build.0 = Release|Any CPU
		{5AAA08DE-ECD1-4321-8B22-6699425D0BC9}.Debug|Any CPU.ActiveCfg = Debug|Any CPU
		{5AAA08DE-ECD1-4321-8B22-6699425D0BC9}.Debug|Any CPU.Build.0 = Debug|Any CPU
		{5AAA08DE-ECD1-4321-8B22-6699425D0BC9}.Release|Any CPU.ActiveCfg = Release|Any CPU
		{5AAA08DE-ECD1-4321-8B22-6699425D0BC9}.Release|Any CPU.Build.0 = Release|Any CPU
	EndGlobalSection
	GlobalSection(SolutionProperties) = preSolution
		HideSolutionNode = FALSE
	EndGlobalSection
EndGlobal
